
Microsoft Visual Studio Solution File, Format Version 12.00
# Visual Studio 14
VisualStudioVersion = 14.0.25123.0
MinimumVisualStudioVersion = 10.0.40219.1
Project("{FAE04EC0-301F-11D3-BF4B-00C04F79EFBC}") = "CardScanner.UI", "CardScanner.UI\CardScanner.UI.csproj", "{E2E1C10E-89C0-4B11-957A-BEB54BEC7C46}"
EndProject
Project("{FAE04EC0-301F-11D3-BF4B-00C04F79EFBC}") = "CardScanner.Model", "CardScanner.Model\CardScanner.Model\CardScanner.Model.csproj", "{D492B358-AF0E-4F99-99E9-102CF2AB9FA2}"
EndProject
Global
	GlobalSection(SolutionConfigurationPlatforms) = preSolution
		Debug|Any CPU = Debug|Any CPU
		Release|Any CPU = Release|Any CPU
	EndGlobalSection
	GlobalSection(ProjectConfigurationPlatforms) = postSolution
		{E2E1C10E-89C0-4B11-957A-BEB54BEC7C46}.Debug|Any CPU.ActiveCfg = Debug|Any CPU
		{E2E1C10E-89C0-4B11-957A-BEB54BEC7C46}.Debug|Any CPU.Build.0 = Debug|Any CPU
		{E2E1C10E-89C0-4B11-957A-BEB54BEC7C46}.Release|Any CPU.ActiveCfg = Release|Any CPU
		{E2E1C10E-89C0-4B11-957A-BEB54BEC7C46}.Release|Any CPU.Build.0 = Release|Any CPU
		{D492B358-AF0E-4F99-99E9-102CF2AB9FA2}.Debug|Any CPU.ActiveCfg = Debug|Any CPU
		{D492B358-AF0E-4F99-99E9-102CF2AB9FA2}.Debug|Any CPU.Build.0 = Debug|Any CPU
		{D492B358-AF0E-4F99-99E9-102CF2AB9FA2}.Release|Any CPU.ActiveCfg = Release|Any CPU
		{D492B358-AF0E-4F99-99E9-102CF2AB9FA2}.Release|Any CPU.Build.0 = Release|Any CPU
	EndGlobalSection
	GlobalSection(SolutionProperties) = preSolution
		HideSolutionNode = FALSE
	EndGlobalSection
EndGlobal
